// !$*UTF8*$!
{
	archiveVersion = 1;
	classes = {
	};
	objectVersion = 46;
	objects = {

/* Begin PBXBuildFile section */
		110BC9E316EE1A7100F4AE63 /* UIKit.framework in Frameworks */ = {isa = PBXBuildFile; fileRef = 110BC9E216EE1A7100F4AE63 /* UIKit.framework */; };
		110BC9E516EE1A7100F4AE63 /* Foundation.framework in Frameworks */ = {isa = PBXBuildFile; fileRef = 110BC9E416EE1A7100F4AE63 /* Foundation.framework */; };
		110BC9E716EE1A7100F4AE63 /* CoreGraphics.framework in Frameworks */ = {isa = PBXBuildFile; fileRef = 110BC9E616EE1A7100F4AE63 /* CoreGraphics.framework */; };
		110BC9ED16EE1A7100F4AE63 /* InfoPlist.strings in Resources */ = {isa = PBXBuildFile; fileRef = 110BC9EB16EE1A7100F4AE63 /* InfoPlist.strings */; };
		110BC9EF16EE1A7100F4AE63 /* main.m in Sources */ = {isa = PBXBuildFile; fileRef = 110BC9EE16EE1A7100F4AE63 /* main.m */; };
		110BC9F316EE1A7100F4AE63 /* AppDelegate.m in Sources */ = {isa = PBXBuildFile; fileRef = 110BC9F216EE1A7100F4AE63 /* AppDelegate.m */; };
		110BC9F516EE1A7100F4AE63 /* Default.png in Resources */ = {isa = PBXBuildFile; fileRef = 110BC9F416EE1A7100F4AE63 /* Default.png */; };
		110BC9F716EE1A7100F4AE63 /* Default@2x.png in Resources */ = {isa = PBXBuildFile; fileRef = 110BC9F616EE1A7100F4AE63 /* Default@2x.png */; };
		110BC9F916EE1A7100F4AE63 /* Default-568h@2x.png in Resources */ = {isa = PBXBuildFile; fileRef = 110BC9F816EE1A7100F4AE63 /* Default-568h@2x.png */; };
		110BC9FC16EE1A7100F4AE63 /* ViewController.m in Sources */ = {isa = PBXBuildFile; fileRef = 110BC9FB16EE1A7100F4AE63 /* ViewController.m */; };
		110BC9FF16EE1A7100F4AE63 /* ViewController_iPhone.xib in Resources */ = {isa = PBXBuildFile; fileRef = 110BC9FD16EE1A7100F4AE63 /* ViewController_iPhone.xib */; };
		110BCA0216EE1A7100F4AE63 /* ViewController_iPad.xib in Resources */ = {isa = PBXBuildFile; fileRef = 110BCA0016EE1A7100F4AE63 /* ViewController_iPad.xib */; };
		110BCA0A16EE1A7100F4AE63 /* SenTestingKit.framework in Frameworks */ = {isa = PBXBuildFile; fileRef = 110BCA0916EE1A7100F4AE63 /* SenTestingKit.framework */; };
		110BCA0B16EE1A7100F4AE63 /* UIKit.framework in Frameworks */ = {isa = PBXBuildFile; fileRef = 110BC9E216EE1A7100F4AE63 /* UIKit.framework */; };
		110BCA0C16EE1A7100F4AE63 /* Foundation.framework in Frameworks */ = {isa = PBXBuildFile; fileRef = 110BC9E416EE1A7100F4AE63 /* Foundation.framework */; };
		110BCA1416EE1A7100F4AE63 /* InfoPlist.strings in Resources */ = {isa = PBXBuildFile; fileRef = 110BCA1216EE1A7100F4AE63 /* InfoPlist.strings */; };
		110BCA1716EE1A7100F4AE63 /* camWeek2Tests.m in Sources */ = {isa = PBXBuildFile; fileRef = 110BCA1616EE1A7100F4AE63 /* camWeek2Tests.m */; };
/* End PBXBuildFile section */

/* Begin PBXContainerItemProxy section */
		110BCA0D16EE1A7100F4AE63 /* PBXContainerItemProxy */ = {
			isa = PBXContainerItemProxy;
			containerPortal = 110BC9D716EE1A7100F4AE63 /* Project object */;
			proxyType = 1;
			remoteGlobalIDString = 110BC9DE16EE1A7100F4AE63;
			remoteInfo = camWeek2;
		};
/* End PBXContainerItemProxy section */

/* Begin PBXFileReference section */
		110BC9DF16EE1A7100F4AE63 /* camWeek2.app */ = {isa = PBXFileReference; explicitFileType = wrapper.application; includeInIndex = 0; path = camWeek2.app; sourceTree = BUILT_PRODUCTS_DIR; };
		110BC9E216EE1A7100F4AE63 /* UIKit.framework */ = {isa = PBXFileReference; lastKnownFileType = wrapper.framework; name = UIKit.framework; path = System/Library/Frameworks/UIKit.framework; sourceTree = SDKROOT; };
		110BC9E416EE1A7100F4AE63 /* Foundation.framework */ = {isa = PBXFileReference; lastKnownFileType = wrapper.framework; name = Foundation.framework; path = System/Library/Frameworks/Foundation.framework; sourceTree = SDKROOT; };
		110BC9E616EE1A7100F4AE63 /* CoreGraphics.framework */ = {isa = PBXFileReference; lastKnownFileType = wrapper.framework; name = CoreGraphics.framework; path = System/Library/Frameworks/CoreGraphics.framework; sourceTree = SDKROOT; };
		110BC9EA16EE1A7100F4AE63 /* camWeek2-Info.plist */ = {isa = PBXFileReference; lastKnownFileType = text.plist.xml; path = "camWeek2-Info.plist"; sourceTree = "<group>"; };
		110BC9EC16EE1A7100F4AE63 /* en */ = {isa = PBXFileReference; lastKnownFileType = text.plist.strings; name = en; path = en.lproj/InfoPlist.strings; sourceTree = "<group>"; };
		110BC9EE16EE1A7100F4AE63 /* main.m */ = {isa = PBXFileReference; lastKnownFileType = sourcecode.c.objc; path = main.m; sourceTree = "<group>"; };
		110BC9F016EE1A7100F4AE63 /* camWeek2-Prefix.pch */ = {isa = PBXFileReference; lastKnownFileType = sourcecode.c.h; path = "camWeek2-Prefix.pch"; sourceTree = "<group>"; };
		110BC9F116EE1A7100F4AE63 /* AppDelegate.h */ = {isa = PBXFileReference; lastKnownFileType = sourcecode.c.h; path = AppDelegate.h; sourceTree = "<group>"; };
		110BC9F216EE1A7100F4AE63 /* AppDelegate.m */ = {isa = PBXFileReference; lastKnownFileType = sourcecode.c.objc; path = AppDelegate.m; sourceTree = "<group>"; };
		110BC9F416EE1A7100F4AE63 /* Default.png */ = {isa = PBXFileReference; lastKnownFileType = image.png; path = Default.png; sourceTree = "<group>"; };
		110BC9F616EE1A7100F4AE63 /* Default@2x.png */ = {isa = PBXFileReference; lastKnownFileType = image.png; path = "Default@2x.png"; sourceTree = "<group>"; };
		110BC9F816EE1A7100F4AE63 /* Default-568h@2x.png */ = {isa = PBXFileReference; lastKnownFileType = image.png; path = "Default-568h@2x.png"; sourceTree = "<group>"; };
		110BC9FA16EE1A7100F4AE63 /* ViewController.h */ = {isa = PBXFileReference; lastKnownFileType = sourcecode.c.h; path = ViewController.h; sourceTree = "<group>"; };
		110BC9FB16EE1A7100F4AE63 /* ViewController.m */ = {isa = PBXFileReference; lastKnownFileType = sourcecode.c.objc; path = ViewController.m; sourceTree = "<group>"; };
		110BC9FE16EE1A7100F4AE63 /* en */ = {isa = PBXFileReference; lastKnownFileType = file.xib; name = en; path = en.lproj/ViewController_iPhone.xib; sourceTree = "<group>"; };
		110BCA0116EE1A7100F4AE63 /* en */ = {isa = PBXFileReference; lastKnownFileType = file.xib; name = en; path = en.lproj/ViewController_iPad.xib; sourceTree = "<group>"; };
		110BCA0816EE1A7100F4AE63 /* camWeek2Tests.octest */ = {isa = PBXFileReference; explicitFileType = wrapper.cfbundle; includeInIndex = 0; path = camWeek2Tests.octest; sourceTree = BUILT_PRODUCTS_DIR; };
		110BCA0916EE1A7100F4AE63 /* SenTestingKit.framework */ = {isa = PBXFileReference; lastKnownFileType = wrapper.framework; name = SenTestingKit.framework; path = Library/Frameworks/SenTestingKit.framework; sourceTree = DEVELOPER_DIR; };
		110BCA1116EE1A7100F4AE63 /* camWeek2Tests-Info.plist */ = {isa = PBXFileReference; lastKnownFileType = text.plist.xml; path = "camWeek2Tests-Info.plist"; sourceTree = "<group>"; };
		110BCA1316EE1A7100F4AE63 /* en */ = {isa = PBXFileReference; lastKnownFileType = text.plist.strings; name = en; path = en.lproj/InfoPlist.strings; sourceTree = "<group>"; };
		110BCA1516EE1A7100F4AE63 /* camWeek2Tests.h */ = {isa = PBXFileReference; lastKnownFileType = sourcecode.c.h; path = camWeek2Tests.h; sourceTree = "<group>"; };
		110BCA1616EE1A7100F4AE63 /* camWeek2Tests.m */ = {isa = PBXFileReference; lastKnownFileType = sourcecode.c.objc; path = camWeek2Tests.m; sourceTree = "<group>"; };
/* End PBXFileReference section */

/* Begin PBXFrameworksBuildPhase section */
		110BC9DC16EE1A7100F4AE63 /* Frameworks */ = {
			isa = PBXFrameworksBuildPhase;
			buildActionMask = 2147483647;
			files = (
				110BC9E316EE1A7100F4AE63 /* UIKit.framework in Frameworks */,
				110BC9E516EE1A7100F4AE63 /* Foundation.framework in Frameworks */,
				110BC9E716EE1A7100F4AE63 /* CoreGraphics.framework in Frameworks */,
			);
			runOnlyForDeploymentPostprocessing = 0;
		};
		110BCA0416EE1A7100F4AE63 /* Frameworks */ = {
			isa = PBXFrameworksBuildPhase;
			buildActionMask = 2147483647;
			files = (
				110BCA0A16EE1A7100F4AE63 /* SenTestingKit.framework in Frameworks */,
				110BCA0B16EE1A7100F4AE63 /* UIKit.framework in Frameworks */,
				110BCA0C16EE1A7100F4AE63 /* Foundation.framework in Frameworks */,
			);
			runOnlyForDeploymentPostprocessing = 0;
		};
/* End PBXFrameworksBuildPhase section */

/* Begin PBXGroup section */
		110BC9D616EE1A7100F4AE63 = {
			isa = PBXGroup;
			children = (
				110BC9E816EE1A7100F4AE63 /* camWeek2 */,
				110BCA0F16EE1A7100F4AE63 /* camWeek2Tests */,
				110BC9E116EE1A7100F4AE63 /* Frameworks */,
				110BC9E016EE1A7100F4AE63 /* Products */,
			);
			sourceTree = "<group>";
		};
		110BC9E016EE1A7100F4AE63 /* Products */ = {
			isa = PBXGroup;
			children = (
				110BC9DF16EE1A7100F4AE63 /* camWeek2.app */,
				110BCA0816EE1A7100F4AE63 /* camWeek2Tests.octest */,
			);
			name = Products;
			sourceTree = "<group>";
		};
		110BC9E116EE1A7100F4AE63 /* Frameworks */ = {
			isa = PBXGroup;
			children = (
				110BC9E216EE1A7100F4AE63 /* UIKit.framework */,
				110BC9E416EE1A7100F4AE63 /* Foundation.framework */,
				110BC9E616EE1A7100F4AE63 /* CoreGraphics.framework */,
				110BCA0916EE1A7100F4AE63 /* SenTestingKit.framework */,
			);
			name = Frameworks;
			sourceTree = "<group>";
		};
		110BC9E816EE1A7100F4AE63 /* camWeek2 */ = {
			isa = PBXGroup;
			children = (
				110BC9F116EE1A7100F4AE63 /* AppDelegate.h */,
				110BC9F216EE1A7100F4AE63 /* AppDelegate.m */,
				110BC9FA16EE1A7100F4AE63 /* ViewController.h */,
				110BC9FB16EE1A7100F4AE63 /* ViewController.m */,
				110BC9FD16EE1A7100F4AE63 /* ViewController_iPhone.xib */,
				110BCA0016EE1A7100F4AE63 /* ViewController_iPad.xib */,
				110BC9E916EE1A7100F4AE63 /* Supporting Files */,
			);
			path = camWeek2;
			sourceTree = "<group>";
		};
		110BC9E916EE1A7100F4AE63 /* Supporting Files */ = {
			isa = PBXGroup;
			children = (
				110BC9EA16EE1A7100F4AE63 /* camWeek2-Info.plist */,
				110BC9EB16EE1A7100F4AE63 /* InfoPlist.strings */,
				110BC9EE16EE1A7100F4AE63 /* main.m */,
				110BC9F016EE1A7100F4AE63 /* camWeek2-Prefix.pch */,
				110BC9F416EE1A7100F4AE63 /* Default.png */,
				110BC9F616EE1A7100F4AE63 /* Default@2x.png */,
				110BC9F816EE1A7100F4AE63 /* Default-568h@2x.png */,
			);
			name = "Supporting Files";
			sourceTree = "<group>";
		};
		110BCA0F16EE1A7100F4AE63 /* camWeek2Tests */ = {
			isa = PBXGroup;
			children = (
				110BCA1516EE1A7100F4AE63 /* camWeek2Tests.h */,
				110BCA1616EE1A7100F4AE63 /* camWeek2Tests.m */,
				110BCA1016EE1A7100F4AE63 /* Supporting Files */,
			);
			path = camWeek2Tests;
			sourceTree = "<group>";
		};
		110BCA1016EE1A7100F4AE63 /* Supporting Files */ = {
			isa = PBXGroup;
			children = (
				110BCA1116EE1A7100F4AE63 /* camWeek2Tests-Info.plist */,
				110BCA1216EE1A7100F4AE63 /* InfoPlist.strings */,
			);
			name = "Supporting Files";
			sourceTree = "<group>";
		};
/* End PBXGroup section */

/* Begin PBXNativeTarget section */
		110BC9DE16EE1A7100F4AE63 /* camWeek2 */ = {
			isa = PBXNativeTarget;
			buildConfigurationList = 110BCA1A16EE1A7100F4AE63 /* Build configuration list for PBXNativeTarget "camWeek2" */;
			buildPhases = (
				110BC9DB16EE1A7100F4AE63 /* Sources */,
				110BC9DC16EE1A7100F4AE63 /* Frameworks */,
				110BC9DD16EE1A7100F4AE63 /* Resources */,
			);
			buildRules = (
			);
			dependencies = (
			);
			name = camWeek2;
			productName = camWeek2;
			productReference = 110BC9DF16EE1A7100F4AE63 /* camWeek2.app */;
			productType = "com.apple.product-type.application";
		};
		110BCA0716EE1A7100F4AE63 /* camWeek2Tests */ = {
			isa = PBXNativeTarget;
			buildConfigurationList = 110BCA1D16EE1A7100F4AE63 /* Build configuration list for PBXNativeTarget "camWeek2Tests" */;
			buildPhases = (
				110BCA0316EE1A7100F4AE63 /* Sources */,
				110BCA0416EE1A7100F4AE63 /* Frameworks */,
				110BCA0516EE1A7100F4AE63 /* Resources */,
				110BCA0616EE1A7100F4AE63 /* ShellScript */,
			);
			buildRules = (
			);
			dependencies = (
				110BCA0E16EE1A7100F4AE63 /* PBXTargetDependency */,
			);
			name = camWeek2Tests;
			productName = camWeek2Tests;
			productReference = 110BCA0816EE1A7100F4AE63 /* camWeek2Tests.octest */;
			productType = "com.apple.product-type.bundle";
		};
/* End PBXNativeTarget section */

/* Begin PBXProject section */
		110BC9D716EE1A7100F4AE63 /* Project object */ = {
			isa = PBXProject;
			attributes = {
				LastUpgradeCheck = 0460;
				ORGANIZATIONNAME = "Cameron Mozie";
			};
			buildConfigurationList = 110BC9DA16EE1A7100F4AE63 /* Build configuration list for PBXProject "camWeek2" */;
			compatibilityVersion = "Xcode 3.2";
			developmentRegion = English;
			hasScannedForEncodings = 0;
			knownRegions = (
				en,
			);
			mainGroup = 110BC9D616EE1A7100F4AE63;
			productRefGroup = 110BC9E016EE1A7100F4AE63 /* Products */;
			projectDirPath = "";
			projectRoot = "";
			targets = (
				110BC9DE16EE1A7100F4AE63 /* camWeek2 */,
				110BCA0716EE1A7100F4AE63 /* camWeek2Tests */,
			);
		};
/* End PBXProject section */

/* Begin PBXResourcesBuildPhase section */
		110BC9DD16EE1A7100F4AE63 /* Resources */ = {
			isa = PBXResourcesBuildPhase;
			buildActionMask = 2147483647;
			files = (
				110BC9ED16EE1A7100F4AE63 /* InfoPlist.strings in Resources */,
				110BC9F516EE1A7100F4AE63 /* Default.png in Resources */,
				110BC9F716EE1A7100F4AE63 /* Default@2x.png in Resources */,
				110BC9F916EE1A7100F4AE63 /* Default-568h@2x.png in Resources */,
				110BC9FF16EE1A7100F4AE63 /* ViewController_iPhone.xib in Resources */,
				110BCA0216EE1A7100F4AE63 /* ViewController_iPad.xib in Resources */,
			);
			runOnlyForDeploymentPostprocessing = 0;
		};
		110BCA0516EE1A7100F4AE63 /* Resources */ = {
			isa = PBXResourcesBuildPhase;
			buildActionMask = 2147483647;
			files = (
				110BCA1416EE1A7100F4AE63 /* InfoPlist.strings in Resources */,
			);
			runOnlyForDeploymentPostprocessing = 0;
		};
/* End PBXResourcesBuildPhase section */

/* Begin PBXShellScriptBuildPhase section */
		110BCA0616EE1A7100F4AE63 /* ShellScript */ = {
			isa = PBXShellScriptBuildPhase;
			buildActionMask = 2147483647;
			files = (
			);
			inputPaths = (
			);
			outputPaths = (
			);
			runOnlyForDeploymentPostprocessing = 0;
			shellPath = /bin/sh;
			shellScript = "# Run the unit tests in this test bundle.\n\"${SYSTEM_DEVELOPER_DIR}/Tools/RunUnitTests\"\n";
		};
/* End PBXShellScriptBuildPhase section */

/* Begin PBXSourcesBuildPhase section */
		110BC9DB16EE1A7100F4AE63 /* Sources */ = {
			isa = PBXSourcesBuildPhase;
			buildActionMask = 2147483647;
			files = (
				110BC9EF16EE1A7100F4AE63 /* main.m in Sources */,
				110BC9F316EE1A7100F4AE63 /* AppDelegate.m in Sources */,
				110BC9FC16EE1A7100F4AE63 /* ViewController.m in Sources */,
			);
			runOnlyForDeploymentPostprocessing = 0;
		};
		110BCA0316EE1A7100F4AE63 /* Sources */ = {
			isa = PBXSourcesBuildPhase;
			buildActionMask = 2147483647;
			files = (
				110BCA1716EE1A7100F4AE63 /* camWeek2Tests.m in Sources */,
			);
			runOnlyForDeploymentPostprocessing = 0;
		};
/* End PBXSourcesBuildPhase section */

/* Begin PBXTargetDependency section */
		110BCA0E16EE1A7100F4AE63 /* PBXTargetDependency */ = {
			isa = PBXTargetDependency;
			target = 110BC9DE16EE1A7100F4AE63 /* camWeek2 */;
			targetProxy = 110BCA0D16EE1A7100F4AE63 /* PBXContainerItemProxy */;
		};
/* End PBXTargetDependency section */

/* Begin PBXVariantGroup section */
		110BC9EB16EE1A7100F4AE63 /* InfoPlist.strings */ = {
			isa = PBXVariantGroup;
			children = (
				110BC9EC16EE1A7100F4AE63 /* en */,
			);
			name = InfoPlist.strings;
			sourceTree = "<group>";
		};
		110BC9FD16EE1A7100F4AE63 /* ViewController_iPhone.xib */ = {
			isa = PBXVariantGroup;
			children = (
				110BC9FE16EE1A7100F4AE63 /* en */,
			);
			name = ViewController_iPhone.xib;
			sourceTree = "<group>";
		};
		110BCA0016EE1A7100F4AE63 /* ViewController_iPad.xib */ = {
			isa = PBXVariantGroup;
			children = (
				110BCA0116EE1A7100F4AE63 /* en */,
			);
			name = ViewController_iPad.xib;
			sourceTree = "<group>";
		};
		110BCA1216EE1A7100F4AE63 /* InfoPlist.strings */ = {
			isa = PBXVariantGroup;
			children = (
				110BCA1316EE1A7100F4AE63 /* en */,
			);
			name = InfoPlist.strings;
			sourceTree = "<group>";
		};
/* End PBXVariantGroup section */

/* Begin XCBuildConfiguration section */
		110BCA1816EE1A7100F4AE63 /* Debug */ = {
			isa = XCBuildConfiguration;
			buildSettings = {
				ALWAYS_SEARCH_USER_PATHS = NO;
				CLANG_CXX_LANGUAGE_STANDARD = "gnu++0x";
				CLANG_CXX_LIBRARY = "libc++";
				CLANG_ENABLE_OBJC_ARC = YES;
				CLANG_WARN_CONSTANT_CONVERSION = YES;
				CLANG_WARN_EMPTY_BODY = YES;
				CLANG_WARN_ENUM_CONVERSION = YES;
				CLANG_WARN_INT_CONVERSION = YES;
				CLANG_WARN__DUPLICATE_METHOD_MATCH = YES;
				"CODE_SIGN_IDENTITY[sdk=iphoneos*]" = "iPhone Developer";
				COPY_PHASE_STRIP = NO;
				GCC_C_LANGUAGE_STANDARD = gnu99;
				GCC_DYNAMIC_NO_PIC = NO;
				GCC_OPTIMIZATION_LEVEL = 0;
				GCC_PREPROCESSOR_DEFINITIONS = (
					"DEBUG=1",
					"$(inherited)",
				);
				GCC_SYMBOLS_PRIVATE_EXTERN = NO;
				GCC_WARN_ABOUT_RETURN_TYPE = YES;
				GCC_WARN_UNINITIALIZED_AUTOS = YES;
				GCC_WARN_UNUSED_VARIABLE = YES;
				IPHONEOS_DEPLOYMENT_TARGET = 6.1;
				ONLY_ACTIVE_ARCH = YES;
				SDKROOT = iphoneos;
				TARGETED_DEVICE_FAMILY = "1,2";
			};
			name = Debug;
		};
		110BCA1916EE1A7100F4AE63 /* Release */ = {
			isa = XCBuildConfiguration;
			buildSettings = {
				ALWAYS_SEARCH_USER_PATHS = NO;
				CLANG_CXX_LANGUAGE_STANDARD = "gnu++0x";
				CLANG_CXX_LIBRARY = "libc++";
				CLANG_ENABLE_OBJC_ARC = YES;
				CLANG_WARN_CONSTANT_CONVERSION = YES;
				CLANG_WARN_EMPTY_BODY = YES;
				CLANG_WARN_ENUM_CONVERSION = YES;
				CLANG_WARN_INT_CONVERSION = YES;
				CLANG_WARN__DUPLICATE_METHOD_MATCH = YES;
				"CODE_SIGN_IDENTITY[sdk=iphoneos*]" = "iPhone Developer";
				COPY_PHASE_STRIP = YES;
				GCC_C_LANGUAGE_STANDARD = gnu99;
				GCC_WARN_ABOUT_RETURN_TYPE = YES;
				GCC_WARN_UNINITIALIZED_AUTOS = YES;
				GCC_WARN_UNUSED_VARIABLE = YES;
				IPHONEOS_DEPLOYMENT_TARGET = 6.1;
				OTHER_CFLAGS = "-DNS_BLOCK_ASSERTIONS=1";
				SDKROOT = iphoneos;
				TARGETED_DEVICE_FAMILY = "1,2";
				VALIDATE_PRODUCT = YES;
			};
			name = Release;
		};
		110BCA1B16EE1A7100F4AE63 /* Debug */ = {
			isa = XCBuildConfiguration;
			buildSettings = {
				GCC_PRECOMPILE_PREFIX_HEADER = YES;
				GCC_PREFIX_HEADER = "camWeek2/camWeek2-Prefix.pch";
				INFOPLIST_FILE = "camWeek2/camWeek2-Info.plist";
				PRODUCT_NAME = "$(TARGET_NAME)";
				WRAPPER_EXTENSION = app;
			};
			name = Debug;
		};
		110BCA1C16EE1A7100F4AE63 /* Release */ = {
			isa = XCBuildConfiguration;
			buildSettings = {
				GCC_PRECOMPILE_PREFIX_HEADER = YES;
				GCC_PREFIX_HEADER = "camWeek2/camWeek2-Prefix.pch";
				INFOPLIST_FILE = "camWeek2/camWeek2-Info.plist";
				PRODUCT_NAME = "$(TARGET_NAME)";
				WRAPPER_EXTENSION = app;
			};
			name = Release;
		};
		110BCA1E16EE1A7100F4AE63 /* Debug */ = {
			isa = XCBuildConfiguration;
			buildSettings = {
				BUNDLE_LOADER = "$(BUILT_PRODUCTS_DIR)/camWeek2.app/camWeek2";
				FRAMEWORK_SEARCH_PATHS = (
					"\"$(SDKROOT)/Developer/Library/Frameworks\"",
					"\"$(DEVELOPER_LIBRARY_DIR)/Frameworks\"",
				);
				GCC_PRECOMPILE_PREFIX_HEADER = YES;
				GCC_PREFIX_HEADER = "camWeek2/camWeek2-Prefix.pch";
				INFOPLIST_FILE = "camWeek2Tests/camWeek2Tests-Info.plist";
				PRODUCT_NAME = "$(TARGET_NAME)";
				TEST_HOST = "$(BUNDLE_LOADER)";
				WRAPPER_EXTENSION = octest;
			};
			name = Debug;
		};
		110BCA1F16EE1A7100F4AE63 /* Release */ = {
			isa = XCBuildConfiguration;
			buildSettings = {
				BUNDLE_LOADER = "$(BUILT_PRODUCTS_DIR)/camWeek2.app/camWeek2";
				FRAMEWORK_SEARCH_PATHS = (
					"\"$(SDKROOT)/Developer/Library/Frameworks\"",
					"\"$(DEVELOPER_LIBRARY_DIR)/Frameworks\"",
				);
				GCC_PRECOMPILE_PREFIX_HEADER = YES;
				GCC_PREFIX_HEADER = "camWeek2/camWeek2-Prefix.pch";
				INFOPLIST_FILE = "camWeek2Tests/camWeek2Tests-Info.plist";
				PRODUCT_NAME = "$(TARGET_NAME)";
				TEST_HOST = "$(BUNDLE_LOADER)";
				WRAPPER_EXTENSION = octest;
			};
			name = Release;
		};
/* End XCBuildConfiguration section */

/* Begin XCConfigurationList section */
		110BC9DA16EE1A7100F4AE63 /* Build configuration list for PBXProject "camWeek2" */ = {
			isa = XCConfigurationList;
			buildConfigurations = (
				110BCA1816EE1A7100F4AE63 /* Debug */,
				110BCA1916EE1A7100F4AE63 /* Release */,
			);
			defaultConfigurationIsVisible = 0;
			defaultConfigurationName = Release;
		};
		110BCA1A16EE1A7100F4AE63 /* Build configuration list for PBXNativeTarget "camWeek2" */ = {
			isa = XCConfigurationList;
			buildConfigurations = (
				110BCA1B16EE1A7100F4AE63 /* Debug */,
				110BCA1C16EE1A7100F4AE63 /* Release */,
			);
			defaultConfigurationIsVisible = 0;
		};
		110BCA1D16EE1A7100F4AE63 /* Build configuration list for PBXNativeTarget "camWeek2Tests" */ = {
			isa = XCConfigurationList;
			buildConfigurations = (
				110BCA1E16EE1A7100F4AE63 /* Debug */,
				110BCA1F16EE1A7100F4AE63 /* Release */,
			);
			defaultConfigurationIsVisible = 0;
		};
/* End XCConfigurationList section */
	};
	rootObject = 110BC9D716EE1A7100F4AE63 /* Project object */;
}
